
Microsoft Visual Studio Solution File, Format Version 12.00
# Visual Studio Version 17
VisualStudioVersion = 17.4.33213.308
MinimumVisualStudioVersion = 10.0.40219.1
Project("{8BC9CEB8-8B4A-11D0-8D11-00A0C91BC942}") = "SumaArreglosOpenMP", "SumaArreglosOpenMP\SumaArreglosOpenMP.vcxproj", "{3E85F631-9B7D-446F-B6B4-970442411BBA}"
EndProject
Global
	GlobalSection(SolutionConfigurationPlatforms) = preSolution
		Debug|x64 = Debug|x64
		Debug|x86 = Debug|x86
		Release|x64 = Release|x64
		Release|x86 = Release|x86
	EndGlobalSection
	GlobalSection(ProjectConfigurationPlatforms) = postSolution
		{3E85F631-9B7D-446F-B6B4-970442411BBA}.Debug|x64.ActiveCfg = Debug|x64
		{3E85F631-9B7D-446F-B6B4-970442411BBA}.Debug|x64.Build.0 = Debug|x64
		{3E85F631-9B7D-446F-B6B4-970442411BBA}.Debug|x86.ActiveCfg = Debug|Win32
		{3E85F631-9B7D-446F-B6B4-970442411BBA}.Debug|x86.Build.0 = Debug|Win32
		{3E85F631-9B7D-446F-B6B4-970442411BBA}.Release|x64.ActiveCfg = Release|x64
		{3E85F631-9B7D-446F-B6B4-970442411BBA}.Release|x64.Build.0 = Release|x64
		{3E85F631-9B7D-446F-B6B4-970442411BBA}.Release|x86.ActiveCfg = Release|Win32
		{3E85F631-9B7D-446F-B6B4-970442411BBA}.Release|x86.Build.0 = Release|Win32
	EndGlobalSection
	GlobalSection(SolutionProperties) = preSolution
		HideSolutionNode = FALSE
	EndGlobalSection
	GlobalSection(ExtensibilityGlobals) = postSolution
		SolutionGuid = {24A894B1-4A2B-465D-A36C-0D95AD6D0CA8}
	EndGlobalSection
EndGlobal
